
Microsoft Visual Studio Solution File, Format Version 12.00
# Visual Studio Version 17
VisualStudioVersion = 17.13.35919.96 d17.13
MinimumVisualStudioVersion = 10.0.40219.1
Project("{FAE04EC0-301F-11D3-BF4B-00C04F79EFBC}") = "PokemonBattleSimulator", "PokemonBattleSimulator\PokemonBattleSimulator.csproj", "{15504F14-8DD2-4990-9A5F-6C2E647B0460}"
EndProject
Global
	GlobalSection(SolutionConfigurationPlatforms) = preSolution
		Debug|Any CPU = Debug|Any CPU
		Release|Any CPU = Release|Any CPU
	EndGlobalSection
	GlobalSection(ProjectConfigurationPlatforms) = postSolution
		{15504F14-8DD2-4990-9A5F-6C2E647B0460}.Debug|Any CPU.ActiveCfg = Debug|Any CPU
		{15504F14-8DD2-4990-9A5F-6C2E647B0460}.Debug|Any CPU.Build.0 = Debug|Any CPU
		{15504F14-8DD2-4990-9A5F-6C2E647B0460}.Release|Any CPU.ActiveCfg = Release|Any CPU
		{15504F14-8DD2-4990-9A5F-6C2E647B0460}.Release|Any CPU.Build.0 = Release|Any CPU
	EndGlobalSection
	GlobalSection(SolutionProperties) = preSolution
		HideSolutionNode = FALSE
	EndGlobalSection
	GlobalSection(ExtensibilityGlobals) = postSolution
		SolutionGuid = {C006944E-472F-41F5-9C5A-8E241A71F615}
	EndGlobalSection
EndGlobal
